
Microsoft Visual Studio Solution File, Format Version 12.00
# Visual Studio Version 18
VisualStudioVersion = 18.1.11312.151
MinimumVisualStudioVersion = 10.0.40219.1
Project("{FAE04EC0-301F-11D3-BF4B-00C04F79EFBC}") = "Integrity.Client", "Integrity.Client.csproj", "{FDE6847A-4046-F09A-C4EA-A703D30403BE}"
EndProject
Project("{FAE04EC0-301F-11D3-BF4B-00C04F79EFBC}") = "Integrity-cli", "..\Integrity-cli\Integrity-cli.csproj", "{791A5F15-27C9-42CF-AEA8-46019A49CFE3}"
EndProject
Project("{FAE04EC0-301F-11D3-BF4B-00C04F79EFBC}") = "TheBleedingDeacons.Intergroup.Models", "..\..\..\..\..\..\..\..\..\..\Data\dev\Register\TheBleedingDeacons.Intergroup.Models\TheBleedingDeacons.Intergroup.Models.csproj", "{D6FD5B23-BA19-E1CE-B7C0-59F0ED4CAC41}"
EndProject
Global
	GlobalSection(SolutionConfigurationPlatforms) = preSolution
		Debug|Any CPU = Debug|Any CPU
		Release|Any CPU = Release|Any CPU
	EndGlobalSection
	GlobalSection(ProjectConfigurationPlatforms) = postSolution
		{FDE6847A-4046-F09A-C4EA-A703D30403BE}.Debug|Any CPU.ActiveCfg = Debug|Any CPU
		{FDE6847A-4046-F09A-C4EA-A703D30403BE}.Debug|Any CPU.Build.0 = Debug|Any CPU
		{FDE6847A-4046-F09A-C4EA-A703D30403BE}.Release|Any CPU.ActiveCfg = Release|Any CPU
		{FDE6847A-4046-F09A-C4EA-A703D30403BE}.Release|Any CPU.Build.0 = Release|Any CPU
		{791A5F15-27C9-42CF-AEA8-46019A49CFE3}.Debug|Any CPU.ActiveCfg = Debug|Any CPU
		{791A5F15-27C9-42CF-AEA8-46019A49CFE3}.Debug|Any CPU.Build.0 = Debug|Any CPU
		{791A5F15-27C9-42CF-AEA8-46019A49CFE3}.Release|Any CPU.ActiveCfg = Release|Any CPU
		{791A5F15-27C9-42CF-AEA8-46019A49CFE3}.Release|Any CPU.Build.0 = Release|Any CPU
		{D6FD5B23-BA19-E1CE-B7C0-59F0ED4CAC41}.Debug|Any CPU.ActiveCfg = Debug|Any CPU
		{D6FD5B23-BA19-E1CE-B7C0-59F0ED4CAC41}.Debug|Any CPU.Build.0 = Debug|Any CPU
		{D6FD5B23-BA19-E1CE-B7C0-59F0ED4CAC41}.Release|Any CPU.ActiveCfg = Release|Any CPU
		{D6FD5B23-BA19-E1CE-B7C0-59F0ED4CAC41}.Release|Any CPU.Build.0 = Release|Any CPU
	EndGlobalSection
	GlobalSection(SolutionProperties) = preSolution
		HideSolutionNode = FALSE
	EndGlobalSection
	GlobalSection(ExtensibilityGlobals) = postSolution
		SolutionGuid = {16B199F1-621D-4B5D-BE19-02FFA2F7328B}
	EndGlobalSection
EndGlobal
